
Microsoft Visual Studio Solution File, Format Version 12.00
# Visual Studio Version 17
VisualStudioVersion = 17.6.33815.320
MinimumVisualStudioVersion = 10.0.40219.1
Project("{FAE04EC0-301F-11D3-BF4B-00C04F79EFBC}") = "Ass14", "Ass14\Ass14.csproj", "{9DEB9F89-60FE-420A-B710-FB701BD8FD96}"
EndProject
Global
	GlobalSection(SolutionConfigurationPlatforms) = preSolution
		Debug|Any CPU = Debug|Any CPU
		Release|Any CPU = Release|Any CPU
	EndGlobalSection
	GlobalSection(ProjectConfigurationPlatforms) = postSolution
		{9DEB9F89-60FE-420A-B710-FB701BD8FD96}.Debug|Any CPU.ActiveCfg = Debug|Any CPU
		{9DEB9F89-60FE-420A-B710-FB701BD8FD96}.Debug|Any CPU.Build.0 = Debug|Any CPU
		{9DEB9F89-60FE-420A-B710-FB701BD8FD96}.Release|Any CPU.ActiveCfg = Release|Any CPU
		{9DEB9F89-60FE-420A-B710-FB701BD8FD96}.Release|Any CPU.Build.0 = Release|Any CPU
	EndGlobalSection
	GlobalSection(SolutionProperties) = preSolution
		HideSolutionNode = FALSE
	EndGlobalSection
	GlobalSection(ExtensibilityGlobals) = postSolution
		SolutionGuid = {05F078B1-A906-41AF-8C15-F325C907175A}
	EndGlobalSection
EndGlobal
